github.com/dhowden/itl v0.0.0-20170329215456-9fbe21093131 h1:siEGb+iB1Ea75U7BnkYVSqSRzE6QHlXCbqEXenxRmhQ=
github.com/dhowden/itl v0.0.0-20170329215456-9fbe21093131/go.mod h1:eVWQJVQ67aMvYhpkDwaH2Goy2vo6v8JCMfGXfQ9sPtw=
github.com/dhowden/plist v0.0.0-20141002110153-5db6e0d9931a h1:7MucP9rMAsQRcRE1sGpvMZoTxFYZlDmfDvCH+z7H+90=
github.com/dhowden/plist v0.0.0-20141002110153-5db6e0d9931a/go.mod h1:sLjdR6uwx3L6/Py8F+QgAfeiuY87xuYGwCDqRFrvCzw=
github.com/dhowden/tag v0.0.0-20240417053706-3d75831295e8 h1:OtSeLS5y0Uy01jaKK4mA/WVIYtpzVm63vLVAPzJXigg=
github.com/dhowden/tag v0.0.0-20240417053706-3d75831295e8/go.mod h1:apkPC/CR3s48O2D7Y++n1XWEpgPNNCjXYga3PPbJe2E=
golang.org/x/text v0.17.0 h1:XtiM5bkSOt+ewxlOE/aE/AKEHibwj/6gvWMl9Rsh0Qc=
golang.org/x/text v0.17.0/go.mod h1:BuEKDfySbSR4drPmRPG/7iBdf8hvFMuRexcpahXilzY=
